
Microsoft Visual Studio Solution File, Format Version 12.00
# Visual Studio 2013
VisualStudioVersion = 12.0.21005.1
MinimumVisualStudioVersion = 10.0.40219.1
Project("{FAE04EC0-301F-11D3-BF4B-00C04F79EFBC}") = "MBS", "MBS.csproj", "{703472B8-B275-4F3F-95B6-426036F8462E}"
EndProject
Project("{FAE04EC0-301F-11D3-BF4B-00C04F79EFBC}") = "MOBS Cleaner", "..\Cleaner\MOBS Cleaner\MOBS Cleaner.csproj", "{F240C98E-E649-49D9-B523-ACF990D0BD1C}"
EndProject
Global
	GlobalSection(SolutionConfigurationPlatforms) = preSolution
		Debug|Any CPU = Debug|Any CPU
		Debug|x64 = Debug|x64
		Debug|x86 = Debug|x86
		Release|Any CPU = Release|Any CPU
		Release|x64 = Release|x64
		Release|x86 = Release|x86
	EndGlobalSection
	GlobalSection(ProjectConfigurationPlatforms) = postSolution
		{703472B8-B275-4F3F-95B6-426036F8462E}.Debug|Any CPU.ActiveCfg = Debug|Any CPU
		{703472B8-B275-4F3F-95B6-426036F8462E}.Debug|Any CPU.Build.0 = Debug|Any CPU
		{703472B8-B275-4F3F-95B6-426036F8462E}.Debug|x64.ActiveCfg = Debug|Any CPU
		{703472B8-B275-4F3F-95B6-426036F8462E}.Debug|x86.ActiveCfg = Debug|x86
		{703472B8-B275-4F3F-95B6-426036F8462E}.Debug|x86.Build.0 = Debug|x86
		{703472B8-B275-4F3F-95B6-426036F8462E}.Release|Any CPU.ActiveCfg = Release|Any CPU
		{703472B8-B275-4F3F-95B6-426036F8462E}.Release|Any CPU.Build.0 = Release|Any CPU
		{703472B8-B275-4F3F-95B6-426036F8462E}.Release|x64.ActiveCfg = Release|Any CPU
		{703472B8-B275-4F3F-95B6-426036F8462E}.Release|x86.ActiveCfg = Release|x86
		{703472B8-B275-4F3F-95B6-426036F8462E}.Release|x86.Build.0 = Release|x86
		{F240C98E-E649-49D9-B523-ACF990D0BD1C}.Debug|Any CPU.ActiveCfg = Debug|Any CPU
		{F240C98E-E649-49D9-B523-ACF990D0BD1C}.Debug|Any CPU.Build.0 = Debug|Any CPU
		{F240C98E-E649-49D9-B523-ACF990D0BD1C}.Debug|x64.ActiveCfg = Debug|x64
		{F240C98E-E649-49D9-B523-ACF990D0BD1C}.Debug|x64.Build.0 = Debug|x64
		{F240C98E-E649-49D9-B523-ACF990D0BD1C}.Debug|x86.ActiveCfg = Debug|Any CPU
		{F240C98E-E649-49D9-B523-ACF990D0BD1C}.Release|Any CPU.ActiveCfg = Release|Any CPU
		{F240C98E-E649-49D9-B523-ACF990D0BD1C}.Release|Any CPU.Build.0 = Release|Any CPU
		{F240C98E-E649-49D9-B523-ACF990D0BD1C}.Release|x64.ActiveCfg = Release|x64
		{F240C98E-E649-49D9-B523-ACF990D0BD1C}.Release|x64.Build.0 = Release|x64
		{F240C98E-E649-49D9-B523-ACF990D0BD1C}.Release|x86.ActiveCfg = Release|Any CPU
	EndGlobalSection
	GlobalSection(SolutionProperties) = preSolution
		HideSolutionNode = FALSE
	EndGlobalSection
EndGlobal
